// !$*UTF8*$!
{
	archiveVersion = 1;
	classes = {
	};
	objectVersion = 50;
	objects = {

/* Begin PBXBuildFile section */
		BC2768A022170F7900F5C40C /* AppDelegate.m in Sources */ = {isa = PBXBuildFile; fileRef = BC27689F22170F7900F5C40C /* AppDelegate.m */; };
		BC2768A222170F7900F5C40C /* GameScene.sks in Resources */ = {isa = PBXBuildFile; fileRef = BC2768A122170F7900F5C40C /* GameScene.sks */; };
		BC2768A422170F7900F5C40C /* Actions.sks in Resources */ = {isa = PBXBuildFile; fileRef = BC2768A322170F7900F5C40C /* Actions.sks */; };
		BC2768A722170F7900F5C40C /* GameScene.m in Sources */ = {isa = PBXBuildFile; fileRef = BC2768A622170F7900F5C40C /* GameScene.m */; };
		BC2768AA22170F7900F5C40C /* GameViewController.m in Sources */ = {isa = PBXBuildFile; fileRef = BC2768A922170F7900F5C40C /* GameViewController.m */; };
		BC2768AD22170F7900F5C40C /* Main.storyboard in Resources */ = {isa = PBXBuildFile; fileRef = BC2768AB22170F7900F5C40C /* Main.storyboard */; };
		BC2768AF22170F7C00F5C40C /* Assets.xcassets in Resources */ = {isa = PBXBuildFile; fileRef = BC2768AE22170F7C00F5C40C /* Assets.xcassets */; };
		BC2768B222170F7C00F5C40C /* LaunchScreen.storyboard in Resources */ = {isa = PBXBuildFile; fileRef = BC2768B022170F7C00F5C40C /* LaunchScreen.storyboard */; };
		BC2768B522170F7C00F5C40C /* main.m in Sources */ = {isa = PBXBuildFile; fileRef = BC2768B422170F7C00F5C40C /* main.m */; };
		BC324F97221B04AD008E78C0 /* basketballsideview.jpg in Resources */ = {isa = PBXBuildFile; fileRef = BC324F93221B04AD008E78C0 /* basketballsideview.jpg */; };
		BC324F98221B04AD008E78C0 /* basketball.jpeg in Resources */ = {isa = PBXBuildFile; fileRef = BC324F94221B04AD008E78C0 /* basketball.jpeg */; };
		BC324F99221B04AD008E78C0 /* IntroPicBasketball2.jpg in Resources */ = {isa = PBXBuildFile; fileRef = BC324F95221B04AD008E78C0 /* IntroPicBasketball2.jpg */; };
		BC324F9A221B04AD008E78C0 /* IntroPicBasketball.jpeg in Resources */ = {isa = PBXBuildFile; fileRef = BC324F96221B04AD008E78C0 /* IntroPicBasketball.jpeg */; };
		BC324F9E221B060E008E78C0 /* Screen Shot 2019-02-18 at 10.25.46 AM.png in Resources */ = {isa = PBXBuildFile; fileRef = BC324F9D221B060E008E78C0 /* Screen Shot 2019-02-18 at 10.25.46 AM.png */; };
		BC324FA0221B0805008E78C0 /* basketball1.png in Resources */ = {isa = PBXBuildFile; fileRef = BC324F9F221B0805008E78C0 /* basketball1.png */; };
/* End PBXBuildFile section */

/* Begin PBXFileReference section */
		BC27689B22170F7900F5C40C /* AnimationGame.app */ = {isa = PBXFileReference; explicitFileType = wrapper.application; includeInIndex = 0; path = AnimationGame.app; sourceTree = BUILT_PRODUCTS_DIR; };
		BC27689E22170F7900F5C40C /* AppDelegate.h */ = {isa = PBXFileReference; lastKnownFileType = sourcecode.c.h; path = AppDelegate.h; sourceTree = "<group>"; };
		BC27689F22170F7900F5C40C /* AppDelegate.m */ = {isa = PBXFileReference; lastKnownFileType = sourcecode.c.objc; path = AppDelegate.m; sourceTree = "<group>"; };
		BC2768A122170F7900F5C40C /* GameScene.sks */ = {isa = PBXFileReference; lastKnownFileType = file.sks; path = GameScene.sks; sourceTree = "<group>"; };
		BC2768A322170F7900F5C40C /* Actions.sks */ = {isa = PBXFileReference; lastKnownFileType = file.sks; path = Actions.sks; sourceTree = "<group>"; };
		BC2768A522170F7900F5C40C /* GameScene.h */ = {isa = PBXFileReference; lastKnownFileType = sourcecode.c.h; path = GameScene.h; sourceTree = "<group>"; };
		BC2768A622170F7900F5C40C /* GameScene.m */ = {isa = PBXFileReference; lastKnownFileType = sourcecode.c.objc; path = GameScene.m; sourceTree = "<group>"; };
		BC2768A822170F7900F5C40C /* GameViewController.h */ = {isa = PBXFileReference; lastKnownFileType = sourcecode.c.h; path = GameViewController.h; sourceTree = "<group>"; };
		BC2768A922170F7900F5C40C /* GameViewController.m */ = {isa = PBXFileReference; lastKnownFileType = sourcecode.c.objc; path = GameViewController.m; sourceTree = "<group>"; };
		BC2768AC22170F7900F5C40C /* Base */ = {isa = PBXFileReference; lastKnownFileType = file.storyboard; name = Base; path = Base.lproj/Main.storyboard; sourceTree = "<group>"; };
		BC2768AE22170F7C00F5C40C /* Assets.xcassets */ = {isa = PBXFileReference; lastKnownFileType = folder.assetcatalog; path = Assets.xcassets; sourceTree = "<group>"; };
		BC2768B122170F7C00F5C40C /* Base */ = {isa = PBXFileReference; lastKnownFileType = file.storyboard; name = Base; path = Base.lproj/LaunchScreen.storyboard; sourceTree = "<group>"; };
		BC2768B322170F7C00F5C40C /* Info.plist */ = {isa = PBXFileReference; lastKnownFileType = text.plist.xml; path = Info.plist; sourceTree = "<group>"; };
		BC2768B422170F7C00F5C40C /* main.m */ = {isa = PBXFileReference; lastKnownFileType = sourcecode.c.objc; path = main.m; sourceTree = "<group>"; };
		BC324F93221B04AD008E78C0 /* basketballsideview.jpg */ = {isa = PBXFileReference; lastKnownFileType = image.jpeg; path = basketballsideview.jpg; sourceTree = "<group>"; };
		BC324F94221B04AD008E78C0 /* basketball.jpeg */ = {isa = PBXFileReference; lastKnownFileType = image.jpeg; path = basketball.jpeg; sourceTree = "<group>"; };
		BC324F95221B04AD008E78C0 /* IntroPicBasketball2.jpg */ = {isa = PBXFileReference; lastKnownFileType = image.jpeg; path = IntroPicBasketball2.jpg; sourceTree = "<group>"; };
		BC324F96221B04AD008E78C0 /* IntroPicBasketball.jpeg */ = {isa = PBXFileReference; lastKnownFileType = image.jpeg; path = IntroPicBasketball.jpeg; sourceTree = "<group>"; };
		BC324F9D221B060E008E78C0 /* Screen Shot 2019-02-18 at 10.25.46 AM.png */ = {isa = PBXFileReference; lastKnownFileType = image.png; path = "Screen Shot 2019-02-18 at 10.25.46 AM.png"; sourceTree = "<group>"; };
		BC324F9F221B0805008E78C0 /* basketball1.png */ = {isa = PBXFileReference; lastKnownFileType = image.png; path = basketball1.png; sourceTree = "<group>"; };
/* End PBXFileReference section */

/* Begin PBXFrameworksBuildPhase section */
		BC27689822170F7900F5C40C /* Frameworks */ = {
			isa = PBXFrameworksBuildPhase;
			buildActionMask = 2147483647;
			files = (
			);
			runOnlyForDeploymentPostprocessing = 0;
		};
/* End PBXFrameworksBuildPhase section */

/* Begin PBXGroup section */
		BC27689222170F7900F5C40C = {
			isa = PBXGroup;
			children = (
				BC27689D22170F7900F5C40C /* AnimationGame */,
				BC27689C22170F7900F5C40C /* Products */,
			);
			sourceTree = "<group>";
		};
		BC27689C22170F7900F5C40C /* Products */ = {
			isa = PBXGroup;
			children = (
				BC27689B22170F7900F5C40C /* AnimationGame.app */,
			);
			name = Products;
			sourceTree = "<group>";
		};
		BC27689D22170F7900F5C40C /* AnimationGame */ = {
			isa = PBXGroup;
			children = (
				BC324F9F221B0805008E78C0 /* basketball1.png */,
				BC324F9D221B060E008E78C0 /* Screen Shot 2019-02-18 at 10.25.46 AM.png */,
				BC324F94221B04AD008E78C0 /* basketball.jpeg */,
				BC324F93221B04AD008E78C0 /* basketballsideview.jpg */,
				BC324F96221B04AD008E78C0 /* IntroPicBasketball.jpeg */,
				BC324F95221B04AD008E78C0 /* IntroPicBasketball2.jpg */,
				BC27689E22170F7900F5C40C /* AppDelegate.h */,
				BC27689F22170F7900F5C40C /* AppDelegate.m */,
				BC2768A122170F7900F5C40C /* GameScene.sks */,
				BC2768A322170F7900F5C40C /* Actions.sks */,
				BC2768A522170F7900F5C40C /* GameScene.h */,
				BC2768A622170F7900F5C40C /* GameScene.m */,
				BC2768A822170F7900F5C40C /* GameViewController.h */,
				BC2768A922170F7900F5C40C /* GameViewController.m */,
				BC2768AB22170F7900F5C40C /* Main.storyboard */,
				BC2768AE22170F7C00F5C40C /* Assets.xcassets */,
				BC2768B022170F7C00F5C40C /* LaunchScreen.storyboard */,
				BC2768B322170F7C00F5C40C /* Info.plist */,
				BC2768B422170F7C00F5C40C /* main.m */,
			);
			path = AnimationGame;
			sourceTree = "<group>";
		};
/* End PBXGroup section */

/* Begin PBXNativeTarget section */
		BC27689A22170F7900F5C40C /* AnimationGame */ = {
			isa = PBXNativeTarget;
			buildConfigurationList = BC2768B822170F7C00F5C40C /* Build configuration list for PBXNativeTarget "AnimationGame" */;
			buildPhases = (
				BC27689722170F7900F5C40C /* Sources */,
				BC27689822170F7900F5C40C /* Frameworks */,
				BC27689922170F7900F5C40C /* Resources */,
			);
			buildRules = (
			);
			dependencies = (
			);
			name = AnimationGame;
			productName = AnimationGame;
			productReference = BC27689B22170F7900F5C40C /* AnimationGame.app */;
			productType = "com.apple.product-type.application";
		};
/* End PBXNativeTarget section */

/* Begin PBXProject section */
		BC27689322170F7900F5C40C /* Project object */ = {
			isa = PBXProject;
			attributes = {
				LastUpgradeCheck = 1010;
				ORGANIZATIONNAME = "Taehyun Cho";
				TargetAttributes = {
					BC27689A22170F7900F5C40C = {
						CreatedOnToolsVersion = 10.1;
					};
				};
			};
			buildConfigurationList = BC27689622170F7900F5C40C /* Build configuration list for PBXProject "AnimationGame" */;
			compatibilityVersion = "Xcode 9.3";
			developmentRegion = en;
			hasScannedForEncodings = 0;
			knownRegions = (
				en,
				Base,
			);
			mainGroup = BC27689222170F7900F5C40C;
			productRefGroup = BC27689C22170F7900F5C40C /* Products */;
			projectDirPath = "";
			projectRoot = "";
			targets = (
				BC27689A22170F7900F5C40C /* AnimationGame */,
			);
		};
/* End PBXProject section */

/* Begin PBXResourcesBuildPhase section */
		BC27689922170F7900F5C40C /* Resources */ = {
			isa = PBXResourcesBuildPhase;
			buildActionMask = 2147483647;
			files = (
				BC2768AD22170F7900F5C40C /* Main.storyboard in Resources */,
				BC2768A222170F7900F5C40C /* GameScene.sks in Resources */,
				BC2768AF22170F7C00F5C40C /* Assets.xcassets in Resources */,
				BC2768B222170F7C00F5C40C /* LaunchScreen.storyboard in Resources */,
				BC324F9E221B060E008E78C0 /* Screen Shot 2019-02-18 at 10.25.46 AM.png in Resources */,
				BC324FA0221B0805008E78C0 /* basketball1.png in Resources */,
				BC324F98221B04AD008E78C0 /* basketball.jpeg in Resources */,
				BC324F99221B04AD008E78C0 /* IntroPicBasketball2.jpg in Resources */,
				BC324F97221B04AD008E78C0 /* basketballsideview.jpg in Resources */,
				BC2768A422170F7900F5C40C /* Actions.sks in Resources */,
				BC324F9A221B04AD008E78C0 /* IntroPicBasketball.jpeg in Resources */,
			);
			runOnlyForDeploymentPostprocessing = 0;
		};
/* End PBXResourcesBuildPhase section */

/* Begin PBXSourcesBuildPhase section */
		BC27689722170F7900F5C40C /* Sources */ = {
			isa = PBXSourcesBuildPhase;
			buildActionMask = 2147483647;
			files = (
				BC2768A722170F7900F5C40C /* GameScene.m in Sources */,
				BC2768AA22170F7900F5C40C /* GameViewController.m in Sources */,
				BC2768B522170F7C00F5C40C /* main.m in Sources */,
				BC2768A022170F7900F5C40C /* AppDelegate.m in Sources */,
			);
			runOnlyForDeploymentPostprocessing = 0;
		};
/* End PBXSourcesBuildPhase section */

/* Begin PBXVariantGroup section */
		BC2768AB22170F7900F5C40C /* Main.storyboard */ = {
			isa = PBXVariantGroup;
			children = (
				BC2768AC22170F7900F5C40C /* Base */,
			);
			name = Main.storyboard;
			sourceTree = "<group>";
		};
		BC2768B022170F7C00F5C40C /* LaunchScreen.storyboard */ = {
			isa = PBXVariantGroup;
			children = (
				BC2768B122170F7C00F5C40C /* Base */,
			);
			name = LaunchScreen.storyboard;
			sourceTree = "<group>";
		};
/* End PBXVariantGroup section */

/* Begin XCBuildConfiguration section */
		BC2768B622170F7C00F5C40C /* Debug */ = {
			isa = XCBuildConfiguration;
			buildSettings = {
				ALWAYS_SEARCH_USER_PATHS = NO;
				CLANG_ANALYZER_NONNULL = YES;
				CLANG_ANALYZER_NUMBER_OBJECT_CONVERSION = YES_AGGRESSIVE;
				CLANG_CXX_LANGUAGE_STANDARD = "gnu++14";
				CLANG_CXX_LIBRARY = "libc++";
				CLANG_ENABLE_MODULES = YES;
				CLANG_ENABLE_OBJC_ARC = YES;
				CLANG_ENABLE_OBJC_WEAK = YES;
				CLANG_WARN_BLOCK_CAPTURE_AUTORELEASING = YES;
				CLANG_WARN_BOOL_CONVERSION = YES;
				CLANG_WARN_COMMA = YES;
				CLANG_WARN_CONSTANT_CONVERSION = YES;
				CLANG_WARN_DEPRECATED_OBJC_IMPLEMENTATIONS = YES;
				CLANG_WARN_DIRECT_OBJC_ISA_USAGE = YES_ERROR;
				CLANG_WARN_DOCUMENTATION_COMMENTS = YES;
				CLANG_WARN_EMPTY_BODY = YES;
				CLANG_WARN_ENUM_CONVERSION = YES;
				CLANG_WARN_INFINITE_RECURSION = YES;
				CLANG_WARN_INT_CONVERSION = YES;
				CLANG_WARN_NON_LITERAL_NULL_CONVERSION = YES;
				CLANG_WARN_OBJC_IMPLICIT_RETAIN_SELF = YES;
				CLANG_WARN_OBJC_LITERAL_CONVERSION = YES;
				CLANG_WARN_OBJC_ROOT_CLASS = YES_ERROR;
				CLANG_WARN_RANGE_LOOP_ANALYSIS = YES;
				CLANG_WARN_STRICT_PROTOTYPES = YES;
				CLANG_WARN_SUSPICIOUS_MOVE = YES;
				CLANG_WARN_UNGUARDED_AVAILABILITY = YES_AGGRESSIVE;
				CLANG_WARN_UNREACHABLE_CODE = YES;
				CLANG_WARN__DUPLICATE_METHOD_MATCH = YES;
				CODE_SIGN_IDENTITY = "iPhone Developer";
				COPY_PHASE_STRIP = NO;
				DEBUG_INFORMATION_FORMAT = dwarf;
				ENABLE_STRICT_OBJC_MSGSEND = YES;
				ENABLE_TESTABILITY = YES;
				GCC_C_LANGUAGE_STANDARD = gnu11;
				GCC_DYNAMIC_NO_PIC = NO;
				GCC_NO_COMMON_BLOCKS = YES;
				GCC_OPTIMIZATION_LEVEL = 0;
				GCC_PREPROCESSOR_DEFINITIONS = (
					"DEBUG=1",
					"$(inherited)",
				);
				GCC_WARN_64_TO_32_BIT_CONVERSION = YES;
				GCC_WARN_ABOUT_RETURN_TYPE = YES_ERROR;
				GCC_WARN_UNDECLARED_SELECTOR = YES;
				GCC_WARN_UNINITIALIZED_AUTOS = YES_AGGRESSIVE;
				GCC_WARN_UNUSED_FUNCTION = YES;
				GCC_WARN_UNUSED_VARIABLE = YES;
				IPHONEOS_DEPLOYMENT_TARGET = 12.1;
				MTL_ENABLE_DEBUG_INFO = INCLUDE_SOURCE;
				MTL_FAST_MATH = YES;
				ONLY_ACTIVE_ARCH = YES;
				SDKROOT = iphoneos;
			};
			name = Debug;
		};
		BC2768B722170F7C00F5C40C /* Release */ = {
			isa = XCBuildConfiguration;
			buildSettings = {
				ALWAYS_SEARCH_USER_PATHS = NO;
				CLANG_ANALYZER_NONNULL = YES;
				CLANG_ANALYZER_NUMBER_OBJECT_CONVERSION = YES_AGGRESSIVE;
				CLANG_CXX_LANGUAGE_STANDARD = "gnu++14";
				CLANG_CXX_LIBRARY = "libc++";
				CLANG_ENABLE_MODULES = YES;
				CLANG_ENABLE_OBJC_ARC = YES;
				CLANG_ENABLE_OBJC_WEAK = YES;
				CLANG_WARN_BLOCK_CAPTURE_AUTORELEASING = YES;
				CLANG_WARN_BOOL_CONVERSION = YES;
				CLANG_WARN_COMMA = YES;
				CLANG_WARN_CONSTANT_CONVERSION = YES;
				CLANG_WARN_DEPRECATED_OBJC_IMPLEMENTATIONS = YES;
				CLANG_WARN_DIRECT_OBJC_ISA_USAGE = YES_ERROR;
				CLANG_WARN_DOCUMENTATION_COMMENTS = YES;
				CLANG_WARN_EMPTY_BODY = YES;
				CLANG_WARN_ENUM_CONVERSION = YES;
				CLANG_WARN_INFINITE_RECURSION = YES;
				CLANG_WARN_INT_CONVERSION = YES;
				CLANG_WARN_NON_LITERAL_NULL_CONVERSION = YES;
				CLANG_WARN_OBJC_IMPLICIT_RETAIN_SELF = YES;
				CLANG_WARN_OBJC_LITERAL_CONVERSION = YES;
				CLANG_WARN_OBJC_ROOT_CLASS = YES_ERROR;
				CLANG_WARN_RANGE_LOOP_ANALYSIS = YES;
				CLANG_WARN_STRICT_PROTOTYPES = YES;
				CLANG_WARN_SUSPICIOUS_MOVE = YES;
				CLANG_WARN_UNGUARDED_AVAILABILITY = YES_AGGRESSIVE;
				CLANG_WARN_UNREACHABLE_CODE = YES;
				CLANG_WARN__DUPLICATE_METHOD_MATCH = YES;
				CODE_SIGN_IDENTITY = "iPhone Developer";
				COPY_PHASE_STRIP = NO;
				DEBUG_INFORMATION_FORMAT = "dwarf-with-dsym";
				ENABLE_NS_ASSERTIONS = NO;
				ENABLE_STRICT_OBJC_MSGSEND = YES;
				GCC_C_LANGUAGE_STANDARD = gnu11;
				GCC_NO_COMMON_BLOCKS = YES;
				GCC_WARN_64_TO_32_BIT_CONVERSION = YES;
				GCC_WARN_ABOUT_RETURN_TYPE = YES_ERROR;
				GCC_WARN_UNDECLARED_SELECTOR = YES;
				GCC_WARN_UNINITIALIZED_AUTOS = YES_AGGRESSIVE;
				GCC_WARN_UNUSED_FUNCTION = YES;
				GCC_WARN_UNUSED_VARIABLE = YES;
				IPHONEOS_DEPLOYMENT_TARGET = 12.1;
				MTL_ENABLE_DEBUG_INFO = NO;
				MTL_FAST_MATH = YES;
				SDKROOT = iphoneos;
				VALIDATE_PRODUCT = YES;
			};
			name = Release;
		};
		BC2768B922170F7C00F5C40C /* Debug */ = {
			isa = XCBuildConfiguration;
			buildSettings = {
				ASSETCATALOG_COMPILER_APPICON_NAME = AppIcon;
				CODE_SIGN_STYLE = Automatic;
				DEVELOPMENT_TEAM = 9UQB57TUFA;
				INFOPLIST_FILE = AnimationGame/Info.plist;
				LD_RUNPATH_SEARCH_PATHS = (
					"$(inherited)",
					"@executable_path/Frameworks",
				);
				PRODUCT_BUNDLE_IDENTIFIER = Cho.Inc.AnimationGame;
				PRODUCT_NAME = "$(TARGET_NAME)";
				TARGETED_DEVICE_FAMILY = "1,2";
			};
			name = Debug;
		};
		BC2768BA22170F7C00F5C40C /* Release */ = {
			isa = XCBuildConfiguration;
			buildSettings = {
				ASSETCATALOG_COMPILER_APPICON_NAME = AppIcon;
				CODE_SIGN_STYLE = Automatic;
				DEVELOPMENT_TEAM = 9UQB57TUFA;
				INFOPLIST_FILE = AnimationGame/Info.plist;
				LD_RUNPATH_SEARCH_PATHS = (
					"$(inherited)",
					"@executable_path/Frameworks",
				);
				PRODUCT_BUNDLE_IDENTIFIER = Cho.Inc.AnimationGame;
				PRODUCT_NAME = "$(TARGET_NAME)";
				TARGETED_DEVICE_FAMILY = "1,2";
			};
			name = Release;
		};
/* End XCBuildConfiguration section */

/* Begin XCConfigurationList section */
		BC27689622170F7900F5C40C /* Build configuration list for PBXProject "AnimationGame" */ = {
			isa = XCConfigurationList;
			buildConfigurations = (
				BC2768B622170F7C00F5C40C /* Debug */,
				BC2768B722170F7C00F5C40C /* Release */,
			);
			defaultConfigurationIsVisible = 0;
			defaultConfigurationName = Release;
		};
		BC2768B822170F7C00F5C40C /* Build configuration list for PBXNativeTarget "AnimationGame" */ = {
			isa = XCConfigurationList;
			buildConfigurations = (
				BC2768B922170F7C00F5C40C /* Debug */,
				BC2768BA22170F7C00F5C40C /* Release */,
			);
			defaultConfigurationIsVisible = 0;
			defaultConfigurationName = Release;
		};
/* End XCConfigurationList section */
	};
	rootObject = BC27689322170F7900F5C40C /* Project object */;
}
